
Microsoft Visual Studio Solution File, Format Version 12.00
# Visual Studio Version 17
VisualStudioVersion = 17.9.34902.65
MinimumVisualStudioVersion = 10.0.40219.1
Project("{FAE04EC0-301F-11D3-BF4B-00C04F79EFBC}") = "SpecFlowTurnUpPortalMay2024", "SpecFlowTurnUpPortalMay2024.csproj", "{67605CB3-BC74-4D6B-A94D-9FEDFCA4D934}"
EndProject
Global
	GlobalSection(SolutionConfigurationPlatforms) = preSolution
		Debug|Any CPU = Debug|Any CPU
		Release|Any CPU = Release|Any CPU
	EndGlobalSection
	GlobalSection(ProjectConfigurationPlatforms) = postSolution
		{67605CB3-BC74-4D6B-A94D-9FEDFCA4D934}.Debug|Any CPU.ActiveCfg = Debug|Any CPU
		{67605CB3-BC74-4D6B-A94D-9FEDFCA4D934}.Debug|Any CPU.Build.0 = Debug|Any CPU
		{67605CB3-BC74-4D6B-A94D-9FEDFCA4D934}.Release|Any CPU.ActiveCfg = Release|Any CPU
		{67605CB3-BC74-4D6B-A94D-9FEDFCA4D934}.Release|Any CPU.Build.0 = Release|Any CPU
	EndGlobalSection
	GlobalSection(SolutionProperties) = preSolution
		HideSolutionNode = FALSE
	EndGlobalSection
	GlobalSection(ExtensibilityGlobals) = postSolution
		SolutionGuid = {CAF1DB32-29AD-4973-8BA9-5410B60CE90D}
	EndGlobalSection
EndGlobal
