
Microsoft Visual Studio Solution File, Format Version 12.00
# Visual Studio Version 17
VisualStudioVersion = 17.9.34902.65
MinimumVisualStudioVersion = 10.0.40219.1
Project("{FAE04EC0-301F-11D3-BF4B-00C04F79EFBC}") = "ConsoleApp1", "ConsoleApp1.csproj", "{745F62D9-F7B1-42B4-B5AF-03B50575FCFB}"
EndProject
Global
	GlobalSection(SolutionConfigurationPlatforms) = preSolution
		Debug|Any CPU = Debug|Any CPU
		Release|Any CPU = Release|Any CPU
	EndGlobalSection
	GlobalSection(ProjectConfigurationPlatforms) = postSolution
		{745F62D9-F7B1-42B4-B5AF-03B50575FCFB}.Debug|Any CPU.ActiveCfg = Debug|Any CPU
		{745F62D9-F7B1-42B4-B5AF-03B50575FCFB}.Debug|Any CPU.Build.0 = Debug|Any CPU
		{745F62D9-F7B1-42B4-B5AF-03B50575FCFB}.Release|Any CPU.ActiveCfg = Release|Any CPU
		{745F62D9-F7B1-42B4-B5AF-03B50575FCFB}.Release|Any CPU.Build.0 = Release|Any CPU
	EndGlobalSection
	GlobalSection(SolutionProperties) = preSolution
		HideSolutionNode = FALSE
	EndGlobalSection
	GlobalSection(ExtensibilityGlobals) = postSolution
		SolutionGuid = {FFF000BB-9C70-485C-B35F-A3CECFF03CFC}
	EndGlobalSection
EndGlobal
